
Microsoft Visual Studio Solution File, Format Version 12.00
# Visual Studio 14
VisualStudioVersion = 14.0.25123.0
MinimumVisualStudioVersion = 10.0.40219.1
Project("{FAE04EC0-301F-11D3-BF4B-00C04F79EFBC}") = "Win32ErrorTable", "Win32ErrorTable\Win32ErrorTable.csproj", "{CE10FE93-273C-47FA-81F9-82CC04CB6AF6}"
EndProject
Project("{8BC9CEB8-8B4A-11D0-8D11-00A0C91BC942}") = "HeaderFinder", "HeaderFinder\HeaderFinder.vcxproj", "{BC268C4D-9B65-4FF2-9364-B146285E4554}"
EndProject
Project("{FAE04EC0-301F-11D3-BF4B-00C04F79EFBC}") = "Web", "Web\Web.csproj", "{9B093F2A-8654-4317-98FD-63C52D4FDA96}"
	ProjectSection(ProjectDependencies) = postProject
		{CE10FE93-273C-47FA-81F9-82CC04CB6AF6} = {CE10FE93-273C-47FA-81F9-82CC04CB6AF6}
	EndProjectSection
EndProject
Project("{2150E333-8FDC-42A3-9474-1A3956D46DE8}") = "Solution Items", "Solution Items", "{6D2E6327-CF98-4459-8A9F-D5925057D889}"
	ProjectSection(SolutionItems) = preProject
		..\.gitignore = ..\.gitignore
		..\CNAME = ..\CNAME
		TODO.txt = TODO.txt
	EndProjectSection
EndProject
Global
	GlobalSection(SolutionConfigurationPlatforms) = preSolution
		Debug|Any CPU = Debug|Any CPU
		Debug|x64 = Debug|x64
		Debug|x86 = Debug|x86
		Release|Any CPU = Release|Any CPU
		Release|x64 = Release|x64
		Release|x86 = Release|x86
	EndGlobalSection
	GlobalSection(ProjectConfigurationPlatforms) = postSolution
		{CE10FE93-273C-47FA-81F9-82CC04CB6AF6}.Debug|Any CPU.ActiveCfg = Debug|Any CPU
		{CE10FE93-273C-47FA-81F9-82CC04CB6AF6}.Debug|Any CPU.Build.0 = Debug|Any CPU
		{CE10FE93-273C-47FA-81F9-82CC04CB6AF6}.Debug|x64.ActiveCfg = Debug|Any CPU
		{CE10FE93-273C-47FA-81F9-82CC04CB6AF6}.Debug|x64.Build.0 = Debug|Any CPU
		{CE10FE93-273C-47FA-81F9-82CC04CB6AF6}.Debug|x86.ActiveCfg = Debug|Any CPU
		{CE10FE93-273C-47FA-81F9-82CC04CB6AF6}.Debug|x86.Build.0 = Debug|Any CPU
		{CE10FE93-273C-47FA-81F9-82CC04CB6AF6}.Release|Any CPU.ActiveCfg = Release|Any CPU
		{CE10FE93-273C-47FA-81F9-82CC04CB6AF6}.Release|Any CPU.Build.0 = Release|Any CPU
		{CE10FE93-273C-47FA-81F9-82CC04CB6AF6}.Release|x64.ActiveCfg = Release|Any CPU
		{CE10FE93-273C-47FA-81F9-82CC04CB6AF6}.Release|x64.Build.0 = Release|Any CPU
		{CE10FE93-273C-47FA-81F9-82CC04CB6AF6}.Release|x86.ActiveCfg = Release|Any CPU
		{CE10FE93-273C-47FA-81F9-82CC04CB6AF6}.Release|x86.Build.0 = Release|Any CPU
		{BC268C4D-9B65-4FF2-9364-B146285E4554}.Debug|Any CPU.ActiveCfg = Debug|Win32
		{BC268C4D-9B65-4FF2-9364-B146285E4554}.Debug|x64.ActiveCfg = Debug|x64
		{BC268C4D-9B65-4FF2-9364-B146285E4554}.Debug|x64.Build.0 = Debug|x64
		{BC268C4D-9B65-4FF2-9364-B146285E4554}.Debug|x86.ActiveCfg = Debug|Win32
		{BC268C4D-9B65-4FF2-9364-B146285E4554}.Debug|x86.Build.0 = Debug|Win32
		{BC268C4D-9B65-4FF2-9364-B146285E4554}.Release|Any CPU.ActiveCfg = Release|Win32
		{BC268C4D-9B65-4FF2-9364-B146285E4554}.Release|x64.ActiveCfg = Release|x64
		{BC268C4D-9B65-4FF2-9364-B146285E4554}.Release|x64.Build.0 = Release|x64
		{BC268C4D-9B65-4FF2-9364-B146285E4554}.Release|x86.ActiveCfg = Release|Win32
		{BC268C4D-9B65-4FF2-9364-B146285E4554}.Release|x86.Build.0 = Release|Win32
		{9B093F2A-8654-4317-98FD-63C52D4FDA96}.Debug|Any CPU.ActiveCfg = Debug|Any CPU
		{9B093F2A-8654-4317-98FD-63C52D4FDA96}.Debug|Any CPU.Build.0 = Debug|Any CPU
		{9B093F2A-8654-4317-98FD-63C52D4FDA96}.Debug|x64.ActiveCfg = Debug|Any CPU
		{9B093F2A-8654-4317-98FD-63C52D4FDA96}.Debug|x64.Build.0 = Debug|Any CPU
		{9B093F2A-8654-4317-98FD-63C52D4FDA96}.Debug|x86.ActiveCfg = Debug|Any CPU
		{9B093F2A-8654-4317-98FD-63C52D4FDA96}.Debug|x86.Build.0 = Debug|Any CPU
		{9B093F2A-8654-4317-98FD-63C52D4FDA96}.Release|Any CPU.ActiveCfg = Release|Any CPU
		{9B093F2A-8654-4317-98FD-63C52D4FDA96}.Release|Any CPU.Build.0 = Release|Any CPU
		{9B093F2A-8654-4317-98FD-63C52D4FDA96}.Release|x64.ActiveCfg = Release|Any CPU
		{9B093F2A-8654-4317-98FD-63C52D4FDA96}.Release|x64.Build.0 = Release|Any CPU
		{9B093F2A-8654-4317-98FD-63C52D4FDA96}.Release|x86.ActiveCfg = Release|Any CPU
		{9B093F2A-8654-4317-98FD-63C52D4FDA96}.Release|x86.Build.0 = Release|Any CPU
	EndGlobalSection
	GlobalSection(SolutionProperties) = preSolution
		HideSolutionNode = FALSE
	EndGlobalSection
EndGlobal
